
Microsoft Visual Studio Solution File, Format Version 12.00
# Visual Studio 15
VisualStudioVersion = 15.0.27004.2008
MinimumVisualStudioVersion = 10.0.40219.1
Project("{FAE04EC0-301F-11D3-BF4B-00C04F79EFBC}") = "KompasDimensions", "KompasDimensions\KompasDimensions.csproj", "{8881DA82-1700-4D17-A967-760639F9D2ED}"
EndProject
Global
	GlobalSection(SolutionConfigurationPlatforms) = preSolution
		Debug|Any CPU = Debug|Any CPU
		Release|Any CPU = Release|Any CPU
	EndGlobalSection
	GlobalSection(ProjectConfigurationPlatforms) = postSolution
		{8881DA82-1700-4D17-A967-760639F9D2ED}.Debug|Any CPU.ActiveCfg = Debug|Any CPU
		{8881DA82-1700-4D17-A967-760639F9D2ED}.Debug|Any CPU.Build.0 = Debug|Any CPU
		{8881DA82-1700-4D17-A967-760639F9D2ED}.Release|Any CPU.ActiveCfg = Release|Any CPU
		{8881DA82-1700-4D17-A967-760639F9D2ED}.Release|Any CPU.Build.0 = Release|Any CPU
	EndGlobalSection
	GlobalSection(SolutionProperties) = preSolution
		HideSolutionNode = FALSE
	EndGlobalSection
	GlobalSection(ExtensibilityGlobals) = postSolution
		SolutionGuid = {DA0C0326-9301-4D54-96AD-5B37527E0174}
	EndGlobalSection
EndGlobal
